
Microsoft Visual Studio Solution File, Format Version 12.00
# Visual Studio Version 17
VisualStudioVersion = 17.11.35303.130
MinimumVisualStudioVersion = 10.0.40219.1
Project("{FAE04EC0-301F-11D3-BF4B-00C04F79EFBC}") = "Web", "Web\Web.csproj", "{05EC7058-D8B6-404D-B385-220F0DD5B655}"
EndProject
Global
	GlobalSection(SolutionConfigurationPlatforms) = preSolution
		Debug|Any CPU = Debug|Any CPU
		Release|Any CPU = Release|Any CPU
	EndGlobalSection
	GlobalSection(ProjectConfigurationPlatforms) = postSolution
		{05EC7058-D8B6-404D-B385-220F0DD5B655}.Debug|Any CPU.ActiveCfg = Debug|Any CPU
		{05EC7058-D8B6-404D-B385-220F0DD5B655}.Debug|Any CPU.Build.0 = Debug|Any CPU
		{05EC7058-D8B6-404D-B385-220F0DD5B655}.Release|Any CPU.ActiveCfg = Release|Any CPU
		{05EC7058-D8B6-404D-B385-220F0DD5B655}.Release|Any CPU.Build.0 = Release|Any CPU
	EndGlobalSection
	GlobalSection(SolutionProperties) = preSolution
		HideSolutionNode = FALSE
	EndGlobalSection
	GlobalSection(ExtensibilityGlobals) = postSolution
		SolutionGuid = {4BB7CE9B-5129-42F6-95DA-62741A7CA027}
	EndGlobalSection
EndGlobal
